// !$*UTF8*$!
{
	archiveVersion = 1;
	classes = {
	};
	objectVersion = 46;
	objects = {

/* Begin PBXBuildFile section */
		0F4E69E41D65D792002988A4 /* AppDelegate.swift in Sources */ = {isa = PBXBuildFile; fileRef = 0F4E69E31D65D792002988A4 /* AppDelegate.swift */; };
		0F4E69E61D65D792002988A4 /* ViewController.swift in Sources */ = {isa = PBXBuildFile; fileRef = 0F4E69E51D65D792002988A4 /* ViewController.swift */; };
		0F4E69E91D65D792002988A4 /* Main.storyboard in Resources */ = {isa = PBXBuildFile; fileRef = 0F4E69E71D65D792002988A4 /* Main.storyboard */; };
		0F4E69EB1D65D792002988A4 /* Assets.xcassets in Resources */ = {isa = PBXBuildFile; fileRef = 0F4E69EA1D65D792002988A4 /* Assets.xcassets */; };
		0F4E69EE1D65D792002988A4 /* LaunchScreen.storyboard in Resources */ = {isa = PBXBuildFile; fileRef = 0F4E69EC1D65D792002988A4 /* LaunchScreen.storyboard */; };
		0F6733201D69956100FAFB04 /* DragImg.swift in Sources */ = {isa = PBXBuildFile; fileRef = 0F67331F1D69956100FAFB04 /* DragImg.swift */; };
		0F6733221D69A19E00FAFB04 /* MonsterImg.swift in Sources */ = {isa = PBXBuildFile; fileRef = 0F6733211D69A19E00FAFB04 /* MonsterImg.swift */; };
/* End PBXBuildFile section */

/* Begin PBXFileReference section */
		0F4E69E01D65D792002988A4 /* MyLittleMonster.app */ = {isa = PBXFileReference; explicitFileType = wrapper.application; includeInIndex = 0; path = MyLittleMonster.app; sourceTree = BUILT_PRODUCTS_DIR; };
		0F4E69E31D65D792002988A4 /* AppDelegate.swift */ = {isa = PBXFileReference; lastKnownFileType = sourcecode.swift; path = AppDelegate.swift; sourceTree = "<group>"; };
		0F4E69E51D65D792002988A4 /* ViewController.swift */ = {isa = PBXFileReference; lastKnownFileType = sourcecode.swift; path = ViewController.swift; sourceTree = "<group>"; };
		0F4E69E81D65D792002988A4 /* Base */ = {isa = PBXFileReference; lastKnownFileType = file.storyboard; name = Base; path = Base.lproj/Main.storyboard; sourceTree = "<group>"; };
		0F4E69EA1D65D792002988A4 /* Assets.xcassets */ = {isa = PBXFileReference; lastKnownFileType = folder.assetcatalog; path = Assets.xcassets; sourceTree = "<group>"; };
		0F4E69ED1D65D792002988A4 /* Base */ = {isa = PBXFileReference; lastKnownFileType = file.storyboard; name = Base; path = Base.lproj/LaunchScreen.storyboard; sourceTree = "<group>"; };
		0F4E69EF1D65D792002988A4 /* Info.plist */ = {isa = PBXFileReference; lastKnownFileType = text.plist.xml; path = Info.plist; sourceTree = "<group>"; };
		0F67331F1D69956100FAFB04 /* DragImg.swift */ = {isa = PBXFileReference; fileEncoding = 4; lastKnownFileType = sourcecode.swift; path = DragImg.swift; sourceTree = "<group>"; };
		0F6733211D69A19E00FAFB04 /* MonsterImg.swift */ = {isa = PBXFileReference; fileEncoding = 4; lastKnownFileType = sourcecode.swift; path = MonsterImg.swift; sourceTree = "<group>"; };
/* End PBXFileReference section */

/* Begin PBXFrameworksBuildPhase section */
		0F4E69DD1D65D791002988A4 /* Frameworks */ = {
			isa = PBXFrameworksBuildPhase;
			buildActionMask = 2147483647;
			files = (
			);
			runOnlyForDeploymentPostprocessing = 0;
		};
/* End PBXFrameworksBuildPhase section */

/* Begin PBXGroup section */
		0F4E69D71D65D791002988A4 = {
			isa = PBXGroup;
			children = (
				0F4E69E21D65D792002988A4 /* MyLittleMonster */,
				0F4E69E11D65D792002988A4 /* Products */,
			);
			sourceTree = "<group>";
		};
		0F4E69E11D65D792002988A4 /* Products */ = {
			isa = PBXGroup;
			children = (
				0F4E69E01D65D792002988A4 /* MyLittleMonster.app */,
			);
			name = Products;
			sourceTree = "<group>";
		};
		0F4E69E21D65D792002988A4 /* MyLittleMonster */ = {
			isa = PBXGroup;
			children = (
				0F4E69E31D65D792002988A4 /* AppDelegate.swift */,
				0F4E69E51D65D792002988A4 /* ViewController.swift */,
				0F4E69E71D65D792002988A4 /* Main.storyboard */,
				0F4E69EA1D65D792002988A4 /* Assets.xcassets */,
				0F4E69EC1D65D792002988A4 /* LaunchScreen.storyboard */,
				0F4E69EF1D65D792002988A4 /* Info.plist */,
				0F67331F1D69956100FAFB04 /* DragImg.swift */,
				0F6733211D69A19E00FAFB04 /* MonsterImg.swift */,
			);
			path = MyLittleMonster;
			sourceTree = "<group>";
		};
/* End PBXGroup section */

/* Begin PBXNativeTarget section */
		0F4E69DF1D65D791002988A4 /* MyLittleMonster */ = {
			isa = PBXNativeTarget;
			buildConfigurationList = 0F4E69F21D65D792002988A4 /* Build configuration list for PBXNativeTarget "MyLittleMonster" */;
			buildPhases = (
				0F4E69DC1D65D791002988A4 /* Sources */,
				0F4E69DD1D65D791002988A4 /* Frameworks */,
				0F4E69DE1D65D791002988A4 /* Resources */,
			);
			buildRules = (
			);
			dependencies = (
			);
			name = MyLittleMonster;
			productName = MyLittleMonster;
			productReference = 0F4E69E01D65D792002988A4 /* MyLittleMonster.app */;
			productType = "com.apple.product-type.application";
		};
/* End PBXNativeTarget section */

/* Begin PBXProject section */
		0F4E69D81D65D791002988A4 /* Project object */ = {
			isa = PBXProject;
			attributes = {
				LastSwiftUpdateCheck = 0730;
				LastUpgradeCheck = 0730;
				ORGANIZATIONNAME = ViNZ;
				TargetAttributes = {
					0F4E69DF1D65D791002988A4 = {
						CreatedOnToolsVersion = 7.3.1;
					};
				};
			};
			buildConfigurationList = 0F4E69DB1D65D791002988A4 /* Build configuration list for PBXProject "MyLittleMonster" */;
			compatibilityVersion = "Xcode 3.2";
			developmentRegion = English;
			hasScannedForEncodings = 0;
			knownRegions = (
				en,
				Base,
			);
			mainGroup = 0F4E69D71D65D791002988A4;
			productRefGroup = 0F4E69E11D65D792002988A4 /* Products */;
			projectDirPath = "";
			projectRoot = "";
			targets = (
				0F4E69DF1D65D791002988A4 /* MyLittleMonster */,
			);
		};
/* End PBXProject section */

/* Begin PBXResourcesBuildPhase section */
		0F4E69DE1D65D791002988A4 /* Resources */ = {
			isa = PBXResourcesBuildPhase;
			buildActionMask = 2147483647;
			files = (
				0F4E69EE1D65D792002988A4 /* LaunchScreen.storyboard in Resources */,
				0F4E69EB1D65D792002988A4 /* Assets.xcassets in Resources */,
				0F4E69E91D65D792002988A4 /* Main.storyboard in Resources */,
			);
			runOnlyForDeploymentPostprocessing = 0;
		};
/* End PBXResourcesBuildPhase section */

/* Begin PBXSourcesBuildPhase section */
		0F4E69DC1D65D791002988A4 /* Sources */ = {
			isa = PBXSourcesBuildPhase;
			buildActionMask = 2147483647;
			files = (
				0F6733221D69A19E00FAFB04 /* MonsterImg.swift in Sources */,
				0F6733201D69956100FAFB04 /* DragImg.swift in Sources */,
				0F4E69E61D65D792002988A4 /* ViewController.swift in Sources */,
				0F4E69E41D65D792002988A4 /* AppDelegate.swift in Sources */,
			);
			runOnlyForDeploymentPostprocessing = 0;
		};
/* End PBXSourcesBuildPhase section */

/* Begin PBXVariantGroup section */
		0F4E69E71D65D792002988A4 /* Main.storyboard */ = {
			isa = PBXVariantGroup;
			children = (
				0F4E69E81D65D792002988A4 /* Base */,
			);
			name = Main.storyboard;
			sourceTree = "<group>";
		};
		0F4E69EC1D65D792002988A4 /* LaunchScreen.storyboard */ = {
			isa = PBXVariantGroup;
			children = (
				0F4E69ED1D65D792002988A4 /* Base */,
			);
			name = LaunchScreen.storyboard;
			sourceTree = "<group>";
		};
/* End PBXVariantGroup section */

/* Begin XCBuildConfiguration section */
		0F4E69F01D65D792002988A4 /* Debug */ = {
			isa = XCBuildConfiguration;
			buildSettings = {
				ALWAYS_SEARCH_USER_PATHS = NO;
				CLANG_ANALYZER_NONNULL = YES;
				CLANG_CXX_LANGUAGE_STANDARD = "gnu++0x";
				CLANG_CXX_LIBRARY = "libc++";
				CLANG_ENABLE_MODULES = YES;
				CLANG_ENABLE_OBJC_ARC = YES;
				CLANG_WARN_BOOL_CONVERSION = YES;
				CLANG_WARN_CONSTANT_CONVERSION = YES;
				CLANG_WARN_DIRECT_OBJC_ISA_USAGE = YES_ERROR;
				CLANG_WARN_EMPTY_BODY = YES;
				CLANG_WARN_ENUM_CONVERSION = YES;
				CLANG_WARN_INT_CONVERSION = YES;
				CLANG_WARN_OBJC_ROOT_CLASS = YES_ERROR;
				CLANG_WARN_UNREACHABLE_CODE = YES;
				CLANG_WARN__DUPLICATE_METHOD_MATCH = YES;
				"CODE_SIGN_IDENTITY[sdk=iphoneos*]" = "iPhone Developer";
				COPY_PHASE_STRIP = NO;
				DEBUG_INFORMATION_FORMAT = dwarf;
				ENABLE_STRICT_OBJC_MSGSEND = YES;
				ENABLE_TESTABILITY = YES;
				GCC_C_LANGUAGE_STANDARD = gnu99;
				GCC_DYNAMIC_NO_PIC = NO;
				GCC_NO_COMMON_BLOCKS = YES;
				GCC_OPTIMIZATION_LEVEL = 0;
				GCC_PREPROCESSOR_DEFINITIONS = (
					"DEBUG=1",
					"$(inherited)",
				);
				GCC_WARN_64_TO_32_BIT_CONVERSION = YES;
				GCC_WARN_ABOUT_RETURN_TYPE = YES_ERROR;
				GCC_WARN_UNDECLARED_SELECTOR = YES;
				GCC_WARN_UNINITIALIZED_AUTOS = YES_AGGRESSIVE;
				GCC_WARN_UNUSED_FUNCTION = YES;
				GCC_WARN_UNUSED_VARIABLE = YES;
				IPHONEOS_DEPLOYMENT_TARGET = 9.3;
				MTL_ENABLE_DEBUG_INFO = YES;
				ONLY_ACTIVE_ARCH = YES;
				SDKROOT = iphoneos;
				SWIFT_OPTIMIZATION_LEVEL = "-Onone";
				TARGETED_DEVICE_FAMILY = "1,2";
			};
			name = Debug;
		};
		0F4E69F11D65D792002988A4 /* Release */ = {
			isa = XCBuildConfiguration;
			buildSettings = {
				ALWAYS_SEARCH_USER_PATHS = NO;
				CLANG_ANALYZER_NONNULL = YES;
				CLANG_CXX_LANGUAGE_STANDARD = "gnu++0x";
				CLANG_CXX_LIBRARY = "libc++";
				CLANG_ENABLE_MODULES = YES;
				CLANG_ENABLE_OBJC_ARC = YES;
				CLANG_WARN_BOOL_CONVERSION = YES;
				CLANG_WARN_CONSTANT_CONVERSION = YES;
				CLANG_WARN_DIRECT_OBJC_ISA_USAGE = YES_ERROR;
				CLANG_WARN_EMPTY_BODY = YES;
				CLANG_WARN_ENUM_CONVERSION = YES;
				CLANG_WARN_INT_CONVERSION = YES;
				CLANG_WARN_OBJC_ROOT_CLASS = YES_ERROR;
				CLANG_WARN_UNREACHABLE_CODE = YES;
				CLANG_WARN__DUPLICATE_METHOD_MATCH = YES;
				"CODE_SIGN_IDENTITY[sdk=iphoneos*]" = "iPhone Developer";
				COPY_PHASE_STRIP = NO;
				DEBUG_INFORMATION_FORMAT = "dwarf-with-dsym";
				ENABLE_NS_ASSERTIONS = NO;
				ENABLE_STRICT_OBJC_MSGSEND = YES;
				GCC_C_LANGUAGE_STANDARD = gnu99;
				GCC_NO_COMMON_BLOCKS = YES;
				GCC_WARN_64_TO_32_BIT_CONVERSION = YES;
				GCC_WARN_ABOUT_RETURN_TYPE = YES_ERROR;
				GCC_WARN_UNDECLARED_SELECTOR = YES;
				GCC_WARN_UNINITIALIZED_AUTOS = YES_AGGRESSIVE;
				GCC_WARN_UNUSED_FUNCTION = YES;
				GCC_WARN_UNUSED_VARIABLE = YES;
				IPHONEOS_DEPLOYMENT_TARGET = 9.3;
				MTL_ENABLE_DEBUG_INFO = NO;
				SDKROOT = iphoneos;
				TARGETED_DEVICE_FAMILY = "1,2";
				VALIDATE_PRODUCT = YES;
			};
			name = Release;
		};
		0F4E69F31D65D792002988A4 /* Debug */ = {
			isa = XCBuildConfiguration;
			buildSettings = {
				ASSETCATALOG_COMPILER_APPICON_NAME = AppIcon;
				INFOPLIST_FILE = MyLittleMonster/Info.plist;
				LD_RUNPATH_SEARCH_PATHS = "$(inherited) @executable_path/Frameworks";
				PRODUCT_BUNDLE_IDENTIFIER = ViNZgroup.MyLittleMonster;
				PRODUCT_NAME = "$(TARGET_NAME)";
			};
			name = Debug;
		};
		0F4E69F41D65D792002988A4 /* Release */ = {
			isa = XCBuildConfiguration;
			buildSettings = {
				ASSETCATALOG_COMPILER_APPICON_NAME = AppIcon;
				INFOPLIST_FILE = MyLittleMonster/Info.plist;
				LD_RUNPATH_SEARCH_PATHS = "$(inherited) @executable_path/Frameworks";
				PRODUCT_BUNDLE_IDENTIFIER = ViNZgroup.MyLittleMonster;
				PRODUCT_NAME = "$(TARGET_NAME)";
			};
			name = Release;
		};
/* End XCBuildConfiguration section */

/* Begin XCConfigurationList section */
		0F4E69DB1D65D791002988A4 /* Build configuration list for PBXProject "MyLittleMonster" */ = {
			isa = XCConfigurationList;
			buildConfigurations = (
				0F4E69F01D65D792002988A4 /* Debug */,
				0F4E69F11D65D792002988A4 /* Release */,
			);
			defaultConfigurationIsVisible = 0;
			defaultConfigurationName = Release;
		};
		0F4E69F21D65D792002988A4 /* Build configuration list for PBXNativeTarget "MyLittleMonster" */ = {
			isa = XCConfigurationList;
			buildConfigurations = (
				0F4E69F31D65D792002988A4 /* Debug */,
				0F4E69F41D65D792002988A4 /* Release */,
			);
			defaultConfigurationIsVisible = 0;
			defaultConfigurationName = Release;
		};
/* End XCConfigurationList section */
	};
	rootObject = 0F4E69D81D65D791002988A4 /* Project object */;
}
